
Microsoft Visual Studio Solution File, Format Version 12.00
# Visual Studio Version 16
VisualStudioVersion = 16.0.29306.81
MinimumVisualStudioVersion = 10.0.40219.1
Project("{FAE04EC0-301F-11D3-BF4B-00C04F79EFBC}") = "CA191002SR", "CA191002SR\CA191002SR.csproj", "{F1249BD1-F5BA-45A0-AFED-B5579C3219EE}"
EndProject
Global
	GlobalSection(SolutionConfigurationPlatforms) = preSolution
		Debug|Any CPU = Debug|Any CPU
		Release|Any CPU = Release|Any CPU
	EndGlobalSection
	GlobalSection(ProjectConfigurationPlatforms) = postSolution
		{F1249BD1-F5BA-45A0-AFED-B5579C3219EE}.Debug|Any CPU.ActiveCfg = Debug|Any CPU
		{F1249BD1-F5BA-45A0-AFED-B5579C3219EE}.Debug|Any CPU.Build.0 = Debug|Any CPU
		{F1249BD1-F5BA-45A0-AFED-B5579C3219EE}.Release|Any CPU.ActiveCfg = Release|Any CPU
		{F1249BD1-F5BA-45A0-AFED-B5579C3219EE}.Release|Any CPU.Build.0 = Release|Any CPU
	EndGlobalSection
	GlobalSection(SolutionProperties) = preSolution
		HideSolutionNode = FALSE
	EndGlobalSection
	GlobalSection(ExtensibilityGlobals) = postSolution
		SolutionGuid = {47FF18D8-A998-4AFA-9747-CA3BA6970211}
	EndGlobalSection
EndGlobal
